
Microsoft Visual Studio Solution File, Format Version 12.00
# Visual Studio Version 17
VisualStudioVersion = 17.5.002.0
MinimumVisualStudioVersion = 10.0.40219.1
Project("{9A19103F-16F7-4668-BE54-9A1E7A4F7556}") = "find_weather_station", "find_weather_station.csproj", "{6E9557B5-94B7-4FD1-AF83-5793FFB22B19}"
EndProject
Global
	GlobalSection(SolutionConfigurationPlatforms) = preSolution
		Debug|Any CPU = Debug|Any CPU
		Release|Any CPU = Release|Any CPU
	EndGlobalSection
	GlobalSection(ProjectConfigurationPlatforms) = postSolution
		{6E9557B5-94B7-4FD1-AF83-5793FFB22B19}.Debug|Any CPU.ActiveCfg = Debug|Any CPU
		{6E9557B5-94B7-4FD1-AF83-5793FFB22B19}.Debug|Any CPU.Build.0 = Debug|Any CPU
		{6E9557B5-94B7-4FD1-AF83-5793FFB22B19}.Release|Any CPU.ActiveCfg = Release|Any CPU
		{6E9557B5-94B7-4FD1-AF83-5793FFB22B19}.Release|Any CPU.Build.0 = Release|Any CPU
	EndGlobalSection
	GlobalSection(SolutionProperties) = preSolution
		HideSolutionNode = FALSE
	EndGlobalSection
	GlobalSection(ExtensibilityGlobals) = postSolution
		SolutionGuid = {002868F1-4784-4EAC-AD8C-0AA94EB81C31}
	EndGlobalSection
EndGlobal
